platform: commodore-amiga
track: assembly
moduleSlug: flock
phases:
  - name: "Arc 1 — Cross the Lane"
    description: "A complete road-crossing game: the farmyard, a steerable sprite, deterministic traffic, avoid-mode collision, lives, the fold, score and sound."
    hours: "11-17"
    start: 1
    end: 11
  - name: "Arc 2 — The River and the Flock"
    description: "The rule flips: ride-mode collision on the stream, the diving duck, the cow, the black sheep, the nervous clock, and the finished game."
    hours: "7-11"
    start: 12
    end: 18
units:
  - number: 1
    title: "The Farmyard"
    available: true
  - number: 2
    title: "The Sheep"
    available: true
  - number: 3
    title: "Steering"
    available: true
  - number: 4
    title: "The Amble"
    available: true
  - number: 5
    title: "The Tractor"
    available: true
  - number: 6
    title: "Squashed"
    available: true
  - number: 7
    title: "The Flock in Hand"
    available: false
  - number: 8
    title: "Busy Lanes"
    available: false
  - number: 9
    title: "The Fold"
    available: false
  - number: 10
    title: "Keeping Score"
    available: false
  - number: 11
    title: "A Soft Baa"
    available: false
  - number: 12
    title: "The Stream"
    available: false
  - number: 13
    title: "The Duck"
    available: false
  - number: 14
    title: "The Cow"
    available: false
  - number: 15
    title: "The Black Sheep"
    available: false
  - number: 16
    title: "The Nervous Sheep"
    available: false
  - number: 17
    title: "The Title"
    available: false
  - number: 18
    title: "The Whole Flock Home"
    available: false
